
Microsoft Visual Studio Solution File, Format Version 12.00
# Visual Studio Version 16
VisualStudioVersion = 16.0.31624.102
MinimumVisualStudioVersion = 10.0.40219.1
Project("{FAE04EC0-301F-11D3-BF4B-00C04F79EFBC}") = "ByPaSsuAc", "ByPaSsuAc.csproj", "{B963C0C8-1A9D-45C9-81EF-FF3C0E8246CF}"
EndProject
Global
	GlobalSection(SolutionConfigurationPlatforms) = preSolution
		Debug|Any CPU = Debug|Any CPU
		Release|Any CPU = Release|Any CPU
	EndGlobalSection
	GlobalSection(ProjectConfigurationPlatforms) = postSolution
		{B963C0C8-1A9D-45C9-81EF-FF3C0E8246CF}.Debug|Any CPU.ActiveCfg = Debug|Any CPU
		{B963C0C8-1A9D-45C9-81EF-FF3C0E8246CF}.Debug|Any CPU.Build.0 = Debug|Any CPU
		{B963C0C8-1A9D-45C9-81EF-FF3C0E8246CF}.Release|Any CPU.ActiveCfg = Release|Any CPU
		{B963C0C8-1A9D-45C9-81EF-FF3C0E8246CF}.Release|Any CPU.Build.0 = Release|Any CPU
	EndGlobalSection
	GlobalSection(SolutionProperties) = preSolution
		HideSolutionNode = FALSE
	EndGlobalSection
	GlobalSection(ExtensibilityGlobals) = postSolution
		SolutionGuid = {C4B0D8A1-8C38-40E4-A0A6-543BB39B4464}
	EndGlobalSection
EndGlobal
